
Microsoft Visual Studio Solution File, Format Version 12.00
# Visual Studio Version 17
VisualStudioVersion = 17.14.36623.8 d17.14
MinimumVisualStudioVersion = 10.0.40219.1
Project("{FAE04EC0-301F-11D3-BF4B-00C04F79EFBC}") = "ManicureBooking", "ManicureBooking.csproj", "{FD0C63E2-0BAF-4FFF-BF55-2B6FFE28681C}"
EndProject
Global
	GlobalSection(SolutionConfigurationPlatforms) = preSolution
		Debug|Any CPU = Debug|Any CPU
		Release|Any CPU = Release|Any CPU
	EndGlobalSection
	GlobalSection(ProjectConfigurationPlatforms) = postSolution
		{FD0C63E2-0BAF-4FFF-BF55-2B6FFE28681C}.Debug|Any CPU.ActiveCfg = Debug|Any CPU
		{FD0C63E2-0BAF-4FFF-BF55-2B6FFE28681C}.Debug|Any CPU.Build.0 = Debug|Any CPU
		{FD0C63E2-0BAF-4FFF-BF55-2B6FFE28681C}.Release|Any CPU.ActiveCfg = Release|Any CPU
		{FD0C63E2-0BAF-4FFF-BF55-2B6FFE28681C}.Release|Any CPU.Build.0 = Release|Any CPU
	EndGlobalSection
	GlobalSection(SolutionProperties) = preSolution
		HideSolutionNode = FALSE
	EndGlobalSection
	GlobalSection(ExtensibilityGlobals) = postSolution
		SolutionGuid = {B7F11967-BA62-4513-9DEB-C0B2EF15EA38}
	EndGlobalSection
EndGlobal
